
Microsoft Visual Studio Solution File, Format Version 12.00
# Visual Studio 2013
VisualStudioVersion = 12.0.40629.0
MinimumVisualStudioVersion = 10.0.40219.1
Project("{54435603-DBB4-11D2-8724-00A0C9A8B90C}") = "LaevoInstaller", "LaevoInstaller.vdproj", "{303A8A71-D725-4DBA-A419-CB8CDE7FDF50}"
EndProject
Global
	GlobalSection(SolutionConfigurationPlatforms) = preSolution
		Debug|Default = Debug|Default
		Release|Default = Release|Default
	EndGlobalSection
	GlobalSection(ProjectConfigurationPlatforms) = postSolution
		{303A8A71-D725-4DBA-A419-CB8CDE7FDF50}.Debug|Default.ActiveCfg = Debug
		{303A8A71-D725-4DBA-A419-CB8CDE7FDF50}.Debug|Default.Build.0 = Debug
		{303A8A71-D725-4DBA-A419-CB8CDE7FDF50}.Release|Default.ActiveCfg = Release
		{303A8A71-D725-4DBA-A419-CB8CDE7FDF50}.Release|Default.Build.0 = Release
	EndGlobalSection
	GlobalSection(SolutionProperties) = preSolution
		HideSolutionNode = FALSE
	EndGlobalSection
EndGlobal
