
Microsoft Visual Studio Solution File, Format Version 12.00
# Visual Studio 2012
Project("{FAE04EC0-301F-11D3-BF4B-00C04F79EFBC}") = "Laevo", "Laevo\Laevo.csproj", "{EE753682-D3BD-45EE-9B42-9B8F1902D250}"
	ProjectSection(ProjectDependencies) = postProject
		{4FD0D614-3F1D-4C4B-AE41-69EF8660C94F} = {4FD0D614-3F1D-4C4B-AE41-69EF8660C94F}
		{6FF11324-46A9-4AE3-A802-4CFD47C59BA6} = {6FF11324-46A9-4AE3-A802-4CFD47C59BA6}
		{EDE62A57-C6BA-4604-A727-7BC0476A5EE4} = {EDE62A57-C6BA-4604-A727-7BC0476A5EE4}
		{B51BF379-1EF4-4F1C-A5E8-3123E34298DD} = {B51BF379-1EF4-4F1C-A5E8-3123E34298DD}
		{9C755F97-8302-4415-AC95-FABFCDCE14B2} = {9C755F97-8302-4415-AC95-FABFCDCE14B2}
		{072142C4-284E-4F1A-A1FE-F886E8ECF728} = {072142C4-284E-4F1A-A1FE-F886E8ECF728}
		{DB8DBDF2-70BF-4712-86DA-06674986BC12} = {DB8DBDF2-70BF-4712-86DA-06674986BC12}
		{582661FF-FF3D-4CD3-8A52-3C75447E9F69} = {582661FF-FF3D-4CD3-8A52-3C75447E9F69}
	EndProjectSection
EndProject
Project("{FAE04EC0-301F-11D3-BF4B-00C04F79EFBC}") = "Whathecode.System", "..\..\..\Users\Steven Jeuris\Documents\GitHub\Framework-Class-Library-Extension\Whathecode.System\Whathecode.System.csproj", "{6FF11324-46A9-4AE3-A802-4CFD47C59BA6}"
EndProject
Project("{FAE04EC0-301F-11D3-BF4B-00C04F79EFBC}") = "Whathecode.System.Aspects", "..\..\..\Users\Steven Jeuris\Documents\GitHub\Framework-Class-Library-Extension\Whathecode.System.Aspects\Whathecode.System.Aspects.csproj", "{EDE62A57-C6BA-4604-A727-7BC0476A5EE4}"
EndProject
Project("{FAE04EC0-301F-11D3-BF4B-00C04F79EFBC}") = "Whathecode.PresentationFramework", "..\..\..\Users\Steven Jeuris\Documents\GitHub\Framework-Class-Library-Extension\Whathecode.PresentationFramework\Whathecode.PresentationFramework.csproj", "{9C755F97-8302-4415-AC95-FABFCDCE14B2}"
EndProject
Project("{FAE04EC0-301F-11D3-BF4B-00C04F79EFBC}") = "Whathecode.PresentationFramework.Aspects", "..\..\..\Users\Steven Jeuris\Documents\GitHub\Framework-Class-Library-Extension\Whathecode.PresentationFramework.Aspects\Whathecode.PresentationFramework.Aspects.csproj", "{B51BF379-1EF4-4F1C-A5E8-3123E34298DD}"
EndProject
Project("{FAE04EC0-301F-11D3-BF4B-00C04F79EFBC}") = "ABC.Windows", "..\..\..\Users\Steven Jeuris\Documents\GitHub\ABC\ABC\ABC.Windows\ABC.Windows.csproj", "{DB8DBDF2-70BF-4712-86DA-06674986BC12}"
EndProject
Project("{FAE04EC0-301F-11D3-BF4B-00C04F79EFBC}") = "ABC.PInvoke", "..\..\..\Users\Steven Jeuris\Documents\GitHub\ABC\ABC\ABC.PInvoke\ABC.PInvoke.csproj", "{072142C4-284E-4F1A-A1FE-F886E8ECF728}"
EndProject
Project("{FAE04EC0-301F-11D3-BF4B-00C04F79EFBC}") = "ABC.Interruptions", "..\..\..\Users\Steven Jeuris\Documents\GitHub\ABC\ABC\ABC.Interruptions\ABC.Interruptions.csproj", "{582661FF-FF3D-4CD3-8A52-3C75447E9F69}"
EndProject
Project("{FAE04EC0-301F-11D3-BF4B-00C04F79EFBC}") = "ABC.Applications", "..\..\..\Users\Steven Jeuris\Documents\GitHub\ABC\ABC\ABC.Applications\ABC.Applications.csproj", "{4FD0D614-3F1D-4C4B-AE41-69EF8660C94F}"
EndProject
Project("{FAE04EC0-301F-11D3-BF4B-00C04F79EFBC}") = "ABC.Interruptions.Google", "..\ABC.Interruptions\ABC.Interruptions.Google\ABC.Interruptions.Google.csproj", "{FC9B9A49-95BE-4603-B054-E8CE87FD9000}"
EndProject
Project("{6141683F-8A12-4E36-9623-2EB02B2C2303}") = "Laevo.Installer", "Laevo.Installer\Laevo.Installer.isproj", "{D3AAC836-E481-4D8D-963D-D9F19B08F223}"
	ProjectSection(ProjectDependencies) = postProject
		{4FD0D614-3F1D-4C4B-AE41-69EF8660C94F} = {4FD0D614-3F1D-4C4B-AE41-69EF8660C94F}
		{6FF11324-46A9-4AE3-A802-4CFD47C59BA6} = {6FF11324-46A9-4AE3-A802-4CFD47C59BA6}
		{EDE62A57-C6BA-4604-A727-7BC0476A5EE4} = {EDE62A57-C6BA-4604-A727-7BC0476A5EE4}
		{EE753682-D3BD-45EE-9B42-9B8F1902D250} = {EE753682-D3BD-45EE-9B42-9B8F1902D250}
	EndProjectSection
EndProject
Global
	GlobalSection(SolutionConfigurationPlatforms) = preSolution
		CD_ROM|Any CPU = CD_ROM|Any CPU
		Debug|Any CPU = Debug|Any CPU
		DVD-5|Any CPU = DVD-5|Any CPU
		Release|Any CPU = Release|Any CPU
		SingleImage|Any CPU = SingleImage|Any CPU
	EndGlobalSection
	GlobalSection(ProjectConfigurationPlatforms) = postSolution
		{EE753682-D3BD-45EE-9B42-9B8F1902D250}.CD_ROM|Any CPU.ActiveCfg = Debug|Any CPU
		{EE753682-D3BD-45EE-9B42-9B8F1902D250}.CD_ROM|Any CPU.Build.0 = Debug|Any CPU
		{EE753682-D3BD-45EE-9B42-9B8F1902D250}.Debug|Any CPU.ActiveCfg = Debug With Project References|Any CPU
		{EE753682-D3BD-45EE-9B42-9B8F1902D250}.Debug|Any CPU.Build.0 = Debug With Project References|Any CPU
		{EE753682-D3BD-45EE-9B42-9B8F1902D250}.DVD-5|Any CPU.ActiveCfg = Debug|Any CPU
		{EE753682-D3BD-45EE-9B42-9B8F1902D250}.DVD-5|Any CPU.Build.0 = Debug|Any CPU
		{EE753682-D3BD-45EE-9B42-9B8F1902D250}.Release|Any CPU.ActiveCfg = Release|Any CPU
		{EE753682-D3BD-45EE-9B42-9B8F1902D250}.Release|Any CPU.Build.0 = Release|Any CPU
		{EE753682-D3BD-45EE-9B42-9B8F1902D250}.SingleImage|Any CPU.ActiveCfg = Debug|Any CPU
		{EE753682-D3BD-45EE-9B42-9B8F1902D250}.SingleImage|Any CPU.Build.0 = Debug|Any CPU
		{6FF11324-46A9-4AE3-A802-4CFD47C59BA6}.CD_ROM|Any CPU.ActiveCfg = Release|Any CPU
		{6FF11324-46A9-4AE3-A802-4CFD47C59BA6}.CD_ROM|Any CPU.Build.0 = Release|Any CPU
		{6FF11324-46A9-4AE3-A802-4CFD47C59BA6}.Debug|Any CPU.ActiveCfg = Debug|Any CPU
		{6FF11324-46A9-4AE3-A802-4CFD47C59BA6}.Debug|Any CPU.Build.0 = Debug|Any CPU
		{6FF11324-46A9-4AE3-A802-4CFD47C59BA6}.DVD-5|Any CPU.ActiveCfg = Debug|Any CPU
		{6FF11324-46A9-4AE3-A802-4CFD47C59BA6}.DVD-5|Any CPU.Build.0 = Debug|Any CPU
		{6FF11324-46A9-4AE3-A802-4CFD47C59BA6}.Release|Any CPU.ActiveCfg = Release|Any CPU
		{6FF11324-46A9-4AE3-A802-4CFD47C59BA6}.Release|Any CPU.Build.0 = Release|Any CPU
		{6FF11324-46A9-4AE3-A802-4CFD47C59BA6}.SingleImage|Any CPU.ActiveCfg = Release|Any CPU
		{6FF11324-46A9-4AE3-A802-4CFD47C59BA6}.SingleImage|Any CPU.Build.0 = Release|Any CPU
		{EDE62A57-C6BA-4604-A727-7BC0476A5EE4}.CD_ROM|Any CPU.ActiveCfg = Release|Any CPU
		{EDE62A57-C6BA-4604-A727-7BC0476A5EE4}.CD_ROM|Any CPU.Build.0 = Release|Any CPU
		{EDE62A57-C6BA-4604-A727-7BC0476A5EE4}.Debug|Any CPU.ActiveCfg = Debug|Any CPU
		{EDE62A57-C6BA-4604-A727-7BC0476A5EE4}.Debug|Any CPU.Build.0 = Debug|Any CPU
		{EDE62A57-C6BA-4604-A727-7BC0476A5EE4}.DVD-5|Any CPU.ActiveCfg = Debug|Any CPU
		{EDE62A57-C6BA-4604-A727-7BC0476A5EE4}.DVD-5|Any CPU.Build.0 = Debug|Any CPU
		{EDE62A57-C6BA-4604-A727-7BC0476A5EE4}.Release|Any CPU.ActiveCfg = Release|Any CPU
		{EDE62A57-C6BA-4604-A727-7BC0476A5EE4}.Release|Any CPU.Build.0 = Release|Any CPU
		{EDE62A57-C6BA-4604-A727-7BC0476A5EE4}.SingleImage|Any CPU.ActiveCfg = Release|Any CPU
		{EDE62A57-C6BA-4604-A727-7BC0476A5EE4}.SingleImage|Any CPU.Build.0 = Release|Any CPU
		{9C755F97-8302-4415-AC95-FABFCDCE14B2}.CD_ROM|Any CPU.ActiveCfg = Release|Any CPU
		{9C755F97-8302-4415-AC95-FABFCDCE14B2}.CD_ROM|Any CPU.Build.0 = Release|Any CPU
		{9C755F97-8302-4415-AC95-FABFCDCE14B2}.Debug|Any CPU.ActiveCfg = Debug|Any CPU
		{9C755F97-8302-4415-AC95-FABFCDCE14B2}.Debug|Any CPU.Build.0 = Debug|Any CPU
		{9C755F97-8302-4415-AC95-FABFCDCE14B2}.DVD-5|Any CPU.ActiveCfg = Debug|Any CPU
		{9C755F97-8302-4415-AC95-FABFCDCE14B2}.DVD-5|Any CPU.Build.0 = Debug|Any CPU
		{9C755F97-8302-4415-AC95-FABFCDCE14B2}.Release|Any CPU.ActiveCfg = Release|Any CPU
		{9C755F97-8302-4415-AC95-FABFCDCE14B2}.Release|Any CPU.Build.0 = Release|Any CPU
		{9C755F97-8302-4415-AC95-FABFCDCE14B2}.SingleImage|Any CPU.ActiveCfg = Release|Any CPU
		{9C755F97-8302-4415-AC95-FABFCDCE14B2}.SingleImage|Any CPU.Build.0 = Release|Any CPU
		{B51BF379-1EF4-4F1C-A5E8-3123E34298DD}.CD_ROM|Any CPU.ActiveCfg = Release|Any CPU
		{B51BF379-1EF4-4F1C-A5E8-3123E34298DD}.CD_ROM|Any CPU.Build.0 = Release|Any CPU
		{B51BF379-1EF4-4F1C-A5E8-3123E34298DD}.Debug|Any CPU.ActiveCfg = Debug|Any CPU
		{B51BF379-1EF4-4F1C-A5E8-3123E34298DD}.Debug|Any CPU.Build.0 = Debug|Any CPU
		{B51BF379-1EF4-4F1C-A5E8-3123E34298DD}.DVD-5|Any CPU.ActiveCfg = Debug|Any CPU
		{B51BF379-1EF4-4F1C-A5E8-3123E34298DD}.DVD-5|Any CPU.Build.0 = Debug|Any CPU
		{B51BF379-1EF4-4F1C-A5E8-3123E34298DD}.Release|Any CPU.ActiveCfg = Release|Any CPU
		{B51BF379-1EF4-4F1C-A5E8-3123E34298DD}.Release|Any CPU.Build.0 = Release|Any CPU
		{B51BF379-1EF4-4F1C-A5E8-3123E34298DD}.SingleImage|Any CPU.ActiveCfg = Release|Any CPU
		{B51BF379-1EF4-4F1C-A5E8-3123E34298DD}.SingleImage|Any CPU.Build.0 = Release|Any CPU
		{DB8DBDF2-70BF-4712-86DA-06674986BC12}.CD_ROM|Any CPU.ActiveCfg = Release|Any CPU
		{DB8DBDF2-70BF-4712-86DA-06674986BC12}.CD_ROM|Any CPU.Build.0 = Release|Any CPU
		{DB8DBDF2-70BF-4712-86DA-06674986BC12}.Debug|Any CPU.ActiveCfg = Debug|Any CPU
		{DB8DBDF2-70BF-4712-86DA-06674986BC12}.Debug|Any CPU.Build.0 = Debug|Any CPU
		{DB8DBDF2-70BF-4712-86DA-06674986BC12}.DVD-5|Any CPU.ActiveCfg = Debug|Any CPU
		{DB8DBDF2-70BF-4712-86DA-06674986BC12}.DVD-5|Any CPU.Build.0 = Debug|Any CPU
		{DB8DBDF2-70BF-4712-86DA-06674986BC12}.Release|Any CPU.ActiveCfg = Release|Any CPU
		{DB8DBDF2-70BF-4712-86DA-06674986BC12}.Release|Any CPU.Build.0 = Release|Any CPU
		{DB8DBDF2-70BF-4712-86DA-06674986BC12}.SingleImage|Any CPU.ActiveCfg = Release|Any CPU
		{DB8DBDF2-70BF-4712-86DA-06674986BC12}.SingleImage|Any CPU.Build.0 = Release|Any CPU
		{072142C4-284E-4F1A-A1FE-F886E8ECF728}.CD_ROM|Any CPU.ActiveCfg = Release|Any CPU
		{072142C4-284E-4F1A-A1FE-F886E8ECF728}.CD_ROM|Any CPU.Build.0 = Release|Any CPU
		{072142C4-284E-4F1A-A1FE-F886E8ECF728}.Debug|Any CPU.ActiveCfg = Debug|Any CPU
		{072142C4-284E-4F1A-A1FE-F886E8ECF728}.Debug|Any CPU.Build.0 = Debug|Any CPU
		{072142C4-284E-4F1A-A1FE-F886E8ECF728}.DVD-5|Any CPU.ActiveCfg = Debug|Any CPU
		{072142C4-284E-4F1A-A1FE-F886E8ECF728}.DVD-5|Any CPU.Build.0 = Debug|Any CPU
		{072142C4-284E-4F1A-A1FE-F886E8ECF728}.Release|Any CPU.ActiveCfg = Release|Any CPU
		{072142C4-284E-4F1A-A1FE-F886E8ECF728}.Release|Any CPU.Build.0 = Release|Any CPU
		{072142C4-284E-4F1A-A1FE-F886E8ECF728}.SingleImage|Any CPU.ActiveCfg = Release|Any CPU
		{072142C4-284E-4F1A-A1FE-F886E8ECF728}.SingleImage|Any CPU.Build.0 = Release|Any CPU
		{582661FF-FF3D-4CD3-8A52-3C75447E9F69}.CD_ROM|Any CPU.ActiveCfg = Release|Any CPU
		{582661FF-FF3D-4CD3-8A52-3C75447E9F69}.CD_ROM|Any CPU.Build.0 = Release|Any CPU
		{582661FF-FF3D-4CD3-8A52-3C75447E9F69}.Debug|Any CPU.ActiveCfg = Debug|Any CPU
		{582661FF-FF3D-4CD3-8A52-3C75447E9F69}.Debug|Any CPU.Build.0 = Debug|Any CPU
		{582661FF-FF3D-4CD3-8A52-3C75447E9F69}.DVD-5|Any CPU.ActiveCfg = Debug|Any CPU
		{582661FF-FF3D-4CD3-8A52-3C75447E9F69}.DVD-5|Any CPU.Build.0 = Debug|Any CPU
		{582661FF-FF3D-4CD3-8A52-3C75447E9F69}.Release|Any CPU.ActiveCfg = Release|Any CPU
		{582661FF-FF3D-4CD3-8A52-3C75447E9F69}.Release|Any CPU.Build.0 = Release|Any CPU
		{582661FF-FF3D-4CD3-8A52-3C75447E9F69}.SingleImage|Any CPU.ActiveCfg = Release|Any CPU
		{582661FF-FF3D-4CD3-8A52-3C75447E9F69}.SingleImage|Any CPU.Build.0 = Release|Any CPU
		{4FD0D614-3F1D-4C4B-AE41-69EF8660C94F}.CD_ROM|Any CPU.ActiveCfg = Release|Any CPU
		{4FD0D614-3F1D-4C4B-AE41-69EF8660C94F}.CD_ROM|Any CPU.Build.0 = Release|Any CPU
		{4FD0D614-3F1D-4C4B-AE41-69EF8660C94F}.Debug|Any CPU.ActiveCfg = Debug|Any CPU
		{4FD0D614-3F1D-4C4B-AE41-69EF8660C94F}.Debug|Any CPU.Build.0 = Debug|Any CPU
		{4FD0D614-3F1D-4C4B-AE41-69EF8660C94F}.DVD-5|Any CPU.ActiveCfg = Debug|Any CPU
		{4FD0D614-3F1D-4C4B-AE41-69EF8660C94F}.DVD-5|Any CPU.Build.0 = Debug|Any CPU
		{4FD0D614-3F1D-4C4B-AE41-69EF8660C94F}.Release|Any CPU.ActiveCfg = Release|Any CPU
		{4FD0D614-3F1D-4C4B-AE41-69EF8660C94F}.Release|Any CPU.Build.0 = Release|Any CPU
		{4FD0D614-3F1D-4C4B-AE41-69EF8660C94F}.SingleImage|Any CPU.ActiveCfg = Release|Any CPU
		{4FD0D614-3F1D-4C4B-AE41-69EF8660C94F}.SingleImage|Any CPU.Build.0 = Release|Any CPU
		{FC9B9A49-95BE-4603-B054-E8CE87FD9000}.CD_ROM|Any CPU.ActiveCfg = Release|Any CPU
		{FC9B9A49-95BE-4603-B054-E8CE87FD9000}.CD_ROM|Any CPU.Build.0 = Release|Any CPU
		{FC9B9A49-95BE-4603-B054-E8CE87FD9000}.Debug|Any CPU.ActiveCfg = Debug|Any CPU
		{FC9B9A49-95BE-4603-B054-E8CE87FD9000}.Debug|Any CPU.Build.0 = Debug|Any CPU
		{FC9B9A49-95BE-4603-B054-E8CE87FD9000}.DVD-5|Any CPU.ActiveCfg = Debug|Any CPU
		{FC9B9A49-95BE-4603-B054-E8CE87FD9000}.DVD-5|Any CPU.Build.0 = Debug|Any CPU
		{FC9B9A49-95BE-4603-B054-E8CE87FD9000}.Release|Any CPU.ActiveCfg = Release|Any CPU
		{FC9B9A49-95BE-4603-B054-E8CE87FD9000}.Release|Any CPU.Build.0 = Release|Any CPU
		{FC9B9A49-95BE-4603-B054-E8CE87FD9000}.SingleImage|Any CPU.ActiveCfg = Release|Any CPU
		{FC9B9A49-95BE-4603-B054-E8CE87FD9000}.SingleImage|Any CPU.Build.0 = Release|Any CPU
		{D3AAC836-E481-4D8D-963D-D9F19B08F223}.CD_ROM|Any CPU.ActiveCfg = CD_ROM
		{D3AAC836-E481-4D8D-963D-D9F19B08F223}.CD_ROM|Any CPU.Build.0 = CD_ROM
		{D3AAC836-E481-4D8D-963D-D9F19B08F223}.Debug|Any CPU.ActiveCfg = DVD-5
		{D3AAC836-E481-4D8D-963D-D9F19B08F223}.Debug|Any CPU.Build.0 = DVD-5
		{D3AAC836-E481-4D8D-963D-D9F19B08F223}.DVD-5|Any CPU.ActiveCfg = DVD-5
		{D3AAC836-E481-4D8D-963D-D9F19B08F223}.DVD-5|Any CPU.Build.0 = DVD-5
		{D3AAC836-E481-4D8D-963D-D9F19B08F223}.Release|Any CPU.ActiveCfg = SingleImage
		{D3AAC836-E481-4D8D-963D-D9F19B08F223}.Release|Any CPU.Build.0 = SingleImage
		{D3AAC836-E481-4D8D-963D-D9F19B08F223}.SingleImage|Any CPU.ActiveCfg = SingleImage
		{D3AAC836-E481-4D8D-963D-D9F19B08F223}.SingleImage|Any CPU.Build.0 = SingleImage
	EndGlobalSection
	GlobalSection(SolutionProperties) = preSolution
		HideSolutionNode = FALSE
	EndGlobalSection
EndGlobal
