
Microsoft Visual Studio Solution File, Format Version 12.00
# Visual Studio 2013
VisualStudioVersion = 12.0.30723.0
MinimumVisualStudioVersion = 10.0.40219.1
Project("{FAE04EC0-301F-11D3-BF4B-00C04F79EFBC}") = "Laevo", "Laevo\Laevo.csproj", "{EE753682-D3BD-45EE-9B42-9B8F1902D250}"
EndProject
Project("{54435603-DBB4-11D2-8724-00A0C9A8B90C}") = "LaevoInstaller", "LaevoInstaller\LaevoInstaller.vdproj", "{7B0102C6-7079-4DAF-8EBD-BFBCE328503E}"
EndProject
Global
	GlobalSection(SolutionConfigurationPlatforms) = preSolution
		Debug|Any CPU = Debug|Any CPU
		Debug|x64 = Debug|x64
		Debug|x86 = Debug|x86
		Release|Any CPU = Release|Any CPU
		Release|x64 = Release|x64
		Release|x86 = Release|x86
	EndGlobalSection
	GlobalSection(ProjectConfigurationPlatforms) = postSolution
		{EE753682-D3BD-45EE-9B42-9B8F1902D250}.Debug|Any CPU.ActiveCfg = Debug|Any CPU
		{EE753682-D3BD-45EE-9B42-9B8F1902D250}.Debug|Any CPU.Build.0 = Debug|Any CPU
		{EE753682-D3BD-45EE-9B42-9B8F1902D250}.Debug|x64.ActiveCfg = Debug|x64
		{EE753682-D3BD-45EE-9B42-9B8F1902D250}.Debug|x64.Build.0 = Debug|x64
		{EE753682-D3BD-45EE-9B42-9B8F1902D250}.Debug|x86.ActiveCfg = Debug|x86
		{EE753682-D3BD-45EE-9B42-9B8F1902D250}.Debug|x86.Build.0 = Debug|x86
		{EE753682-D3BD-45EE-9B42-9B8F1902D250}.Release|Any CPU.ActiveCfg = Release|Any CPU
		{EE753682-D3BD-45EE-9B42-9B8F1902D250}.Release|Any CPU.Build.0 = Release|Any CPU
		{EE753682-D3BD-45EE-9B42-9B8F1902D250}.Release|x64.ActiveCfg = Release|x86
		{EE753682-D3BD-45EE-9B42-9B8F1902D250}.Release|x86.ActiveCfg = Release|x86
		{EE753682-D3BD-45EE-9B42-9B8F1902D250}.Release|x86.Build.0 = Release|x86
		{7B0102C6-7079-4DAF-8EBD-BFBCE328503E}.Debug|Any CPU.ActiveCfg = Debug
		{7B0102C6-7079-4DAF-8EBD-BFBCE328503E}.Debug|x64.ActiveCfg = Debug
		{7B0102C6-7079-4DAF-8EBD-BFBCE328503E}.Debug|x86.ActiveCfg = Debug
		{7B0102C6-7079-4DAF-8EBD-BFBCE328503E}.Release|Any CPU.ActiveCfg = Release
		{7B0102C6-7079-4DAF-8EBD-BFBCE328503E}.Release|x64.ActiveCfg = Release
		{7B0102C6-7079-4DAF-8EBD-BFBCE328503E}.Release|x86.ActiveCfg = Release
	EndGlobalSection
	GlobalSection(SolutionProperties) = preSolution
		HideSolutionNode = FALSE
	EndGlobalSection
EndGlobal
