
Microsoft Visual Studio Solution File, Format Version 12.00
# Visual Studio 2013
VisualStudioVersion = 12.0.31101.0
MinimumVisualStudioVersion = 10.0.40219.1
Project("{FAE04EC0-301F-11D3-BF4B-00C04F79EFBC}") = "Laevo", "Laevo\Laevo.csproj", "{EE753682-D3BD-45EE-9B42-9B8F1902D250}"
	ProjectSection(ProjectDependencies) = postProject
		{6FF11324-46A9-4AE3-A802-4CFD47C59BA6} = {6FF11324-46A9-4AE3-A802-4CFD47C59BA6}
		{EDE62A57-C6BA-4604-A727-7BC0476A5EE4} = {EDE62A57-C6BA-4604-A727-7BC0476A5EE4}
		{93706064-EF4A-4F46-ABB8-D93E4C0D2732} = {93706064-EF4A-4F46-ABB8-D93E4C0D2732}
		{B51BF379-1EF4-4F1C-A5E8-3123E34298DD} = {B51BF379-1EF4-4F1C-A5E8-3123E34298DD}
		{08C7537E-7831-42D9-97C4-0256A3F477DD} = {08C7537E-7831-42D9-97C4-0256A3F477DD}
		{D53F1095-6DC0-4950-982F-3322AAE74A50} = {D53F1095-6DC0-4950-982F-3322AAE74A50}
		{9C755F97-8302-4415-AC95-FABFCDCE14B2} = {9C755F97-8302-4415-AC95-FABFCDCE14B2}
		{072142C4-284E-4F1A-A1FE-F886E8ECF728} = {072142C4-284E-4F1A-A1FE-F886E8ECF728}
		{68E68CFB-7A0B-4527-B44E-61A6870B9376} = {68E68CFB-7A0B-4527-B44E-61A6870B9376}
	EndProjectSection
EndProject
Project("{FAE04EC0-301F-11D3-BF4B-00C04F79EFBC}") = "Whathecode.System", "..\..\Framework-Class-Library-Extension\Whathecode.System\Whathecode.System.csproj", "{6FF11324-46A9-4AE3-A802-4CFD47C59BA6}"
EndProject
Project("{FAE04EC0-301F-11D3-BF4B-00C04F79EFBC}") = "Whathecode.System.Aspects", "..\..\Framework-Class-Library-Extension\Whathecode.System.Aspects\Whathecode.System.Aspects.csproj", "{EDE62A57-C6BA-4604-A727-7BC0476A5EE4}"
EndProject
Project("{FAE04EC0-301F-11D3-BF4B-00C04F79EFBC}") = "Whathecode.PresentationFramework", "..\..\Framework-Class-Library-Extension\Whathecode.PresentationFramework\Whathecode.PresentationFramework.csproj", "{9C755F97-8302-4415-AC95-FABFCDCE14B2}"
EndProject
Project("{FAE04EC0-301F-11D3-BF4B-00C04F79EFBC}") = "ABC", "..\..\ABC\ABC\ABC\ABC.csproj", "{D53F1095-6DC0-4950-982F-3322AAE74A50}"
EndProject
Project("{FAE04EC0-301F-11D3-BF4B-00C04F79EFBC}") = "ABC.PInvoke", "..\..\ABC\ABC\ABC.PInvoke\ABC.PInvoke.csproj", "{072142C4-284E-4F1A-A1FE-F886E8ECF728}"
EndProject
Project("{2150E333-8FDC-42A3-9474-1A3956D46DE8}") = ".nuget", ".nuget", "{181414DA-0FC1-44A7-8E56-4FD6EAE37C33}"
	ProjectSection(SolutionItems) = preProject
		.nuget\NuGet.Config = .nuget\NuGet.Config
		.nuget\NuGet.exe = .nuget\NuGet.exe
		.nuget\NuGet.targets = .nuget\NuGet.targets
		.nuget\packages.config = .nuget\packages.config
	EndProjectSection
EndProject
Project("{FAE04EC0-301F-11D3-BF4B-00C04F79EFBC}") = "Whathecode.Interop", "..\..\Framework-Class-Library-Extension\Whathecode.Interop\Whathecode.Interop.csproj", "{93706064-EF4A-4F46-ABB8-D93E4C0D2732}"
EndProject
Project("{FAE04EC0-301F-11D3-BF4B-00C04F79EFBC}") = "Whathecode.PresentationFramework.Aspects", "..\..\Framework-Class-Library-Extension\Whathecode.PresentationFramework.Aspects\Whathecode.PresentationFramework.Aspects.csproj", "{B51BF379-1EF4-4F1C-A5E8-3123E34298DD}"
EndProject
Project("{FAE04EC0-301F-11D3-BF4B-00C04F79EFBC}") = "Whathecode.System.Management", "..\..\Framework-Class-Library-Extension\Whathecode.System.Management\Whathecode.System.Management.csproj", "{68E68CFB-7A0B-4527-B44E-61A6870B9376}"
EndProject
Project("{FAE04EC0-301F-11D3-BF4B-00C04F79EFBC}") = "Whathecode.TimeLine", "..\..\TimeLine\Whathecode.TimeLine\Whathecode.TimeLine.csproj", "{08C7537E-7831-42D9-97C4-0256A3F477DD}"
EndProject
Global
	GlobalSection(SolutionConfigurationPlatforms) = preSolution
		CD_ROM|Any CPU = CD_ROM|Any CPU
		CD_ROM|x64 = CD_ROM|x64
		CD_ROM|x86 = CD_ROM|x86
		Debug|Any CPU = Debug|Any CPU
		Debug|x64 = Debug|x64
		Debug|x86 = Debug|x86
		DVD-5|Any CPU = DVD-5|Any CPU
		DVD-5|x64 = DVD-5|x64
		DVD-5|x86 = DVD-5|x86
		Release|Any CPU = Release|Any CPU
		Release|x64 = Release|x64
		Release|x86 = Release|x86
		SingleImage|Any CPU = SingleImage|Any CPU
		SingleImage|x64 = SingleImage|x64
		SingleImage|x86 = SingleImage|x86
	EndGlobalSection
	GlobalSection(ProjectConfigurationPlatforms) = postSolution
		{EE753682-D3BD-45EE-9B42-9B8F1902D250}.CD_ROM|Any CPU.ActiveCfg = Debug|Any CPU
		{EE753682-D3BD-45EE-9B42-9B8F1902D250}.CD_ROM|Any CPU.Build.0 = Debug|Any CPU
		{EE753682-D3BD-45EE-9B42-9B8F1902D250}.CD_ROM|x64.ActiveCfg = Debug With Project References|x64
		{EE753682-D3BD-45EE-9B42-9B8F1902D250}.CD_ROM|x64.Build.0 = Debug With Project References|x64
		{EE753682-D3BD-45EE-9B42-9B8F1902D250}.CD_ROM|x86.ActiveCfg = Debug With Project References|x86
		{EE753682-D3BD-45EE-9B42-9B8F1902D250}.CD_ROM|x86.Build.0 = Debug With Project References|x86
		{EE753682-D3BD-45EE-9B42-9B8F1902D250}.Debug|Any CPU.ActiveCfg = Debug With Project References|Any CPU
		{EE753682-D3BD-45EE-9B42-9B8F1902D250}.Debug|Any CPU.Build.0 = Debug With Project References|Any CPU
		{EE753682-D3BD-45EE-9B42-9B8F1902D250}.Debug|x64.ActiveCfg = Debug|x64
		{EE753682-D3BD-45EE-9B42-9B8F1902D250}.Debug|x64.Build.0 = Debug|x64
		{EE753682-D3BD-45EE-9B42-9B8F1902D250}.Debug|x86.ActiveCfg = Debug|x86
		{EE753682-D3BD-45EE-9B42-9B8F1902D250}.Debug|x86.Build.0 = Debug|x86
		{EE753682-D3BD-45EE-9B42-9B8F1902D250}.DVD-5|Any CPU.ActiveCfg = Debug|Any CPU
		{EE753682-D3BD-45EE-9B42-9B8F1902D250}.DVD-5|Any CPU.Build.0 = Debug|Any CPU
		{EE753682-D3BD-45EE-9B42-9B8F1902D250}.DVD-5|x64.ActiveCfg = Debug With Project References|x64
		{EE753682-D3BD-45EE-9B42-9B8F1902D250}.DVD-5|x64.Build.0 = Debug With Project References|x64
		{EE753682-D3BD-45EE-9B42-9B8F1902D250}.DVD-5|x86.ActiveCfg = Debug With Project References|x86
		{EE753682-D3BD-45EE-9B42-9B8F1902D250}.DVD-5|x86.Build.0 = Debug With Project References|x86
		{EE753682-D3BD-45EE-9B42-9B8F1902D250}.Release|Any CPU.ActiveCfg = Release|Any CPU
		{EE753682-D3BD-45EE-9B42-9B8F1902D250}.Release|Any CPU.Build.0 = Release|Any CPU
		{EE753682-D3BD-45EE-9B42-9B8F1902D250}.Release|x64.ActiveCfg = Release|x64
		{EE753682-D3BD-45EE-9B42-9B8F1902D250}.Release|x64.Build.0 = Release|x64
		{EE753682-D3BD-45EE-9B42-9B8F1902D250}.Release|x86.ActiveCfg = Release|x86
		{EE753682-D3BD-45EE-9B42-9B8F1902D250}.Release|x86.Build.0 = Release|x86
		{EE753682-D3BD-45EE-9B42-9B8F1902D250}.SingleImage|Any CPU.ActiveCfg = Debug|Any CPU
		{EE753682-D3BD-45EE-9B42-9B8F1902D250}.SingleImage|Any CPU.Build.0 = Debug|Any CPU
		{EE753682-D3BD-45EE-9B42-9B8F1902D250}.SingleImage|x64.ActiveCfg = Debug With Project References|x64
		{EE753682-D3BD-45EE-9B42-9B8F1902D250}.SingleImage|x64.Build.0 = Debug With Project References|x64
		{EE753682-D3BD-45EE-9B42-9B8F1902D250}.SingleImage|x86.ActiveCfg = Debug With Project References|x86
		{EE753682-D3BD-45EE-9B42-9B8F1902D250}.SingleImage|x86.Build.0 = Debug With Project References|x86
		{6FF11324-46A9-4AE3-A802-4CFD47C59BA6}.CD_ROM|Any CPU.ActiveCfg = Release|Any CPU
		{6FF11324-46A9-4AE3-A802-4CFD47C59BA6}.CD_ROM|Any CPU.Build.0 = Release|Any CPU
		{6FF11324-46A9-4AE3-A802-4CFD47C59BA6}.CD_ROM|x64.ActiveCfg = Release|x64
		{6FF11324-46A9-4AE3-A802-4CFD47C59BA6}.CD_ROM|x64.Build.0 = Release|x64
		{6FF11324-46A9-4AE3-A802-4CFD47C59BA6}.CD_ROM|x86.ActiveCfg = Release|x86
		{6FF11324-46A9-4AE3-A802-4CFD47C59BA6}.CD_ROM|x86.Build.0 = Release|x86
		{6FF11324-46A9-4AE3-A802-4CFD47C59BA6}.Debug|Any CPU.ActiveCfg = Debug|Any CPU
		{6FF11324-46A9-4AE3-A802-4CFD47C59BA6}.Debug|Any CPU.Build.0 = Debug|Any CPU
		{6FF11324-46A9-4AE3-A802-4CFD47C59BA6}.Debug|x64.ActiveCfg = Debug|x64
		{6FF11324-46A9-4AE3-A802-4CFD47C59BA6}.Debug|x64.Build.0 = Debug|x64
		{6FF11324-46A9-4AE3-A802-4CFD47C59BA6}.Debug|x86.ActiveCfg = Debug|x86
		{6FF11324-46A9-4AE3-A802-4CFD47C59BA6}.Debug|x86.Build.0 = Debug|x86
		{6FF11324-46A9-4AE3-A802-4CFD47C59BA6}.DVD-5|Any CPU.ActiveCfg = Debug|Any CPU
		{6FF11324-46A9-4AE3-A802-4CFD47C59BA6}.DVD-5|Any CPU.Build.0 = Debug|Any CPU
		{6FF11324-46A9-4AE3-A802-4CFD47C59BA6}.DVD-5|x64.ActiveCfg = Debug|x64
		{6FF11324-46A9-4AE3-A802-4CFD47C59BA6}.DVD-5|x64.Build.0 = Debug|x64
		{6FF11324-46A9-4AE3-A802-4CFD47C59BA6}.DVD-5|x86.ActiveCfg = Debug|x86
		{6FF11324-46A9-4AE3-A802-4CFD47C59BA6}.DVD-5|x86.Build.0 = Debug|x86
		{6FF11324-46A9-4AE3-A802-4CFD47C59BA6}.Release|Any CPU.ActiveCfg = Release|Any CPU
		{6FF11324-46A9-4AE3-A802-4CFD47C59BA6}.Release|Any CPU.Build.0 = Release|Any CPU
		{6FF11324-46A9-4AE3-A802-4CFD47C59BA6}.Release|x64.ActiveCfg = Release|x64
		{6FF11324-46A9-4AE3-A802-4CFD47C59BA6}.Release|x64.Build.0 = Release|x64
		{6FF11324-46A9-4AE3-A802-4CFD47C59BA6}.Release|x86.ActiveCfg = Release|x86
		{6FF11324-46A9-4AE3-A802-4CFD47C59BA6}.Release|x86.Build.0 = Release|x86
		{6FF11324-46A9-4AE3-A802-4CFD47C59BA6}.SingleImage|Any CPU.ActiveCfg = Release|Any CPU
		{6FF11324-46A9-4AE3-A802-4CFD47C59BA6}.SingleImage|Any CPU.Build.0 = Release|Any CPU
		{6FF11324-46A9-4AE3-A802-4CFD47C59BA6}.SingleImage|x64.ActiveCfg = Release|x64
		{6FF11324-46A9-4AE3-A802-4CFD47C59BA6}.SingleImage|x64.Build.0 = Release|x64
		{6FF11324-46A9-4AE3-A802-4CFD47C59BA6}.SingleImage|x86.ActiveCfg = Release|x86
		{6FF11324-46A9-4AE3-A802-4CFD47C59BA6}.SingleImage|x86.Build.0 = Release|x86
		{EDE62A57-C6BA-4604-A727-7BC0476A5EE4}.CD_ROM|Any CPU.ActiveCfg = Release|Any CPU
		{EDE62A57-C6BA-4604-A727-7BC0476A5EE4}.CD_ROM|Any CPU.Build.0 = Release|Any CPU
		{EDE62A57-C6BA-4604-A727-7BC0476A5EE4}.CD_ROM|x64.ActiveCfg = Release|x64
		{EDE62A57-C6BA-4604-A727-7BC0476A5EE4}.CD_ROM|x64.Build.0 = Release|x64
		{EDE62A57-C6BA-4604-A727-7BC0476A5EE4}.CD_ROM|x86.ActiveCfg = Release|x86
		{EDE62A57-C6BA-4604-A727-7BC0476A5EE4}.CD_ROM|x86.Build.0 = Release|x86
		{EDE62A57-C6BA-4604-A727-7BC0476A5EE4}.Debug|Any CPU.ActiveCfg = Debug|Any CPU
		{EDE62A57-C6BA-4604-A727-7BC0476A5EE4}.Debug|Any CPU.Build.0 = Debug|Any CPU
		{EDE62A57-C6BA-4604-A727-7BC0476A5EE4}.Debug|x64.ActiveCfg = Debug|x64
		{EDE62A57-C6BA-4604-A727-7BC0476A5EE4}.Debug|x64.Build.0 = Debug|x64
		{EDE62A57-C6BA-4604-A727-7BC0476A5EE4}.Debug|x86.ActiveCfg = Debug|x86
		{EDE62A57-C6BA-4604-A727-7BC0476A5EE4}.Debug|x86.Build.0 = Debug|x86
		{EDE62A57-C6BA-4604-A727-7BC0476A5EE4}.DVD-5|Any CPU.ActiveCfg = Debug|Any CPU
		{EDE62A57-C6BA-4604-A727-7BC0476A5EE4}.DVD-5|Any CPU.Build.0 = Debug|Any CPU
		{EDE62A57-C6BA-4604-A727-7BC0476A5EE4}.DVD-5|x64.ActiveCfg = Debug|x64
		{EDE62A57-C6BA-4604-A727-7BC0476A5EE4}.DVD-5|x64.Build.0 = Debug|x64
		{EDE62A57-C6BA-4604-A727-7BC0476A5EE4}.DVD-5|x86.ActiveCfg = Debug|x86
		{EDE62A57-C6BA-4604-A727-7BC0476A5EE4}.DVD-5|x86.Build.0 = Debug|x86
		{EDE62A57-C6BA-4604-A727-7BC0476A5EE4}.Release|Any CPU.ActiveCfg = Release|Any CPU
		{EDE62A57-C6BA-4604-A727-7BC0476A5EE4}.Release|Any CPU.Build.0 = Release|Any CPU
		{EDE62A57-C6BA-4604-A727-7BC0476A5EE4}.Release|x64.ActiveCfg = Release|x64
		{EDE62A57-C6BA-4604-A727-7BC0476A5EE4}.Release|x64.Build.0 = Release|x64
		{EDE62A57-C6BA-4604-A727-7BC0476A5EE4}.Release|x86.ActiveCfg = Release|x86
		{EDE62A57-C6BA-4604-A727-7BC0476A5EE4}.Release|x86.Build.0 = Release|x86
		{EDE62A57-C6BA-4604-A727-7BC0476A5EE4}.SingleImage|Any CPU.ActiveCfg = Release|Any CPU
		{EDE62A57-C6BA-4604-A727-7BC0476A5EE4}.SingleImage|Any CPU.Build.0 = Release|Any CPU
		{EDE62A57-C6BA-4604-A727-7BC0476A5EE4}.SingleImage|x64.ActiveCfg = Release|x64
		{EDE62A57-C6BA-4604-A727-7BC0476A5EE4}.SingleImage|x64.Build.0 = Release|x64
		{EDE62A57-C6BA-4604-A727-7BC0476A5EE4}.SingleImage|x86.ActiveCfg = Release|x86
		{EDE62A57-C6BA-4604-A727-7BC0476A5EE4}.SingleImage|x86.Build.0 = Release|x86
		{9C755F97-8302-4415-AC95-FABFCDCE14B2}.CD_ROM|Any CPU.ActiveCfg = Release|Any CPU
		{9C755F97-8302-4415-AC95-FABFCDCE14B2}.CD_ROM|Any CPU.Build.0 = Release|Any CPU
		{9C755F97-8302-4415-AC95-FABFCDCE14B2}.CD_ROM|x64.ActiveCfg = Release|x64
		{9C755F97-8302-4415-AC95-FABFCDCE14B2}.CD_ROM|x64.Build.0 = Release|x64
		{9C755F97-8302-4415-AC95-FABFCDCE14B2}.CD_ROM|x86.ActiveCfg = Release|x86
		{9C755F97-8302-4415-AC95-FABFCDCE14B2}.CD_ROM|x86.Build.0 = Release|x86
		{9C755F97-8302-4415-AC95-FABFCDCE14B2}.Debug|Any CPU.ActiveCfg = Debug|Any CPU
		{9C755F97-8302-4415-AC95-FABFCDCE14B2}.Debug|Any CPU.Build.0 = Debug|Any CPU
		{9C755F97-8302-4415-AC95-FABFCDCE14B2}.Debug|x64.ActiveCfg = Debug|x64
		{9C755F97-8302-4415-AC95-FABFCDCE14B2}.Debug|x64.Build.0 = Debug|x64
		{9C755F97-8302-4415-AC95-FABFCDCE14B2}.Debug|x86.ActiveCfg = Debug|x86
		{9C755F97-8302-4415-AC95-FABFCDCE14B2}.Debug|x86.Build.0 = Debug|x86
		{9C755F97-8302-4415-AC95-FABFCDCE14B2}.DVD-5|Any CPU.ActiveCfg = Debug|Any CPU
		{9C755F97-8302-4415-AC95-FABFCDCE14B2}.DVD-5|Any CPU.Build.0 = Debug|Any CPU
		{9C755F97-8302-4415-AC95-FABFCDCE14B2}.DVD-5|x64.ActiveCfg = Debug|x64
		{9C755F97-8302-4415-AC95-FABFCDCE14B2}.DVD-5|x64.Build.0 = Debug|x64
		{9C755F97-8302-4415-AC95-FABFCDCE14B2}.DVD-5|x86.ActiveCfg = Debug|x86
		{9C755F97-8302-4415-AC95-FABFCDCE14B2}.DVD-5|x86.Build.0 = Debug|x86
		{9C755F97-8302-4415-AC95-FABFCDCE14B2}.Release|Any CPU.ActiveCfg = Release|Any CPU
		{9C755F97-8302-4415-AC95-FABFCDCE14B2}.Release|Any CPU.Build.0 = Release|Any CPU
		{9C755F97-8302-4415-AC95-FABFCDCE14B2}.Release|x64.ActiveCfg = Release|x64
		{9C755F97-8302-4415-AC95-FABFCDCE14B2}.Release|x64.Build.0 = Release|x64
		{9C755F97-8302-4415-AC95-FABFCDCE14B2}.Release|x86.ActiveCfg = Release|x86
		{9C755F97-8302-4415-AC95-FABFCDCE14B2}.Release|x86.Build.0 = Release|x86
		{9C755F97-8302-4415-AC95-FABFCDCE14B2}.SingleImage|Any CPU.ActiveCfg = Release|Any CPU
		{9C755F97-8302-4415-AC95-FABFCDCE14B2}.SingleImage|Any CPU.Build.0 = Release|Any CPU
		{9C755F97-8302-4415-AC95-FABFCDCE14B2}.SingleImage|x64.ActiveCfg = Release|x64
		{9C755F97-8302-4415-AC95-FABFCDCE14B2}.SingleImage|x64.Build.0 = Release|x64
		{9C755F97-8302-4415-AC95-FABFCDCE14B2}.SingleImage|x86.ActiveCfg = Release|x86
		{9C755F97-8302-4415-AC95-FABFCDCE14B2}.SingleImage|x86.Build.0 = Release|x86
		{D53F1095-6DC0-4950-982F-3322AAE74A50}.CD_ROM|Any CPU.ActiveCfg = Release|Any CPU
		{D53F1095-6DC0-4950-982F-3322AAE74A50}.CD_ROM|Any CPU.Build.0 = Release|Any CPU
		{D53F1095-6DC0-4950-982F-3322AAE74A50}.CD_ROM|x64.ActiveCfg = Release|Any CPU
		{D53F1095-6DC0-4950-982F-3322AAE74A50}.CD_ROM|x86.ActiveCfg = Release|Any CPU
		{D53F1095-6DC0-4950-982F-3322AAE74A50}.Debug|Any CPU.ActiveCfg = Debug|Any CPU
		{D53F1095-6DC0-4950-982F-3322AAE74A50}.Debug|Any CPU.Build.0 = Debug|Any CPU
		{D53F1095-6DC0-4950-982F-3322AAE74A50}.Debug|x64.ActiveCfg = Debug|Any CPU
		{D53F1095-6DC0-4950-982F-3322AAE74A50}.Debug|x86.ActiveCfg = Debug|Any CPU
		{D53F1095-6DC0-4950-982F-3322AAE74A50}.DVD-5|Any CPU.ActiveCfg = Debug|Any CPU
		{D53F1095-6DC0-4950-982F-3322AAE74A50}.DVD-5|Any CPU.Build.0 = Debug|Any CPU
		{D53F1095-6DC0-4950-982F-3322AAE74A50}.DVD-5|x64.ActiveCfg = Debug|Any CPU
		{D53F1095-6DC0-4950-982F-3322AAE74A50}.DVD-5|x86.ActiveCfg = Debug|Any CPU
		{D53F1095-6DC0-4950-982F-3322AAE74A50}.Release|Any CPU.ActiveCfg = Release|Any CPU
		{D53F1095-6DC0-4950-982F-3322AAE74A50}.Release|Any CPU.Build.0 = Release|Any CPU
		{D53F1095-6DC0-4950-982F-3322AAE74A50}.Release|x64.ActiveCfg = Release|Any CPU
		{D53F1095-6DC0-4950-982F-3322AAE74A50}.Release|x86.ActiveCfg = Release|Any CPU
		{D53F1095-6DC0-4950-982F-3322AAE74A50}.SingleImage|Any CPU.ActiveCfg = Release|Any CPU
		{D53F1095-6DC0-4950-982F-3322AAE74A50}.SingleImage|Any CPU.Build.0 = Release|Any CPU
		{D53F1095-6DC0-4950-982F-3322AAE74A50}.SingleImage|x64.ActiveCfg = Release|Any CPU
		{D53F1095-6DC0-4950-982F-3322AAE74A50}.SingleImage|x86.ActiveCfg = Release|Any CPU
		{072142C4-284E-4F1A-A1FE-F886E8ECF728}.CD_ROM|Any CPU.ActiveCfg = Release|Any CPU
		{072142C4-284E-4F1A-A1FE-F886E8ECF728}.CD_ROM|Any CPU.Build.0 = Release|Any CPU
		{072142C4-284E-4F1A-A1FE-F886E8ECF728}.CD_ROM|x64.ActiveCfg = Release|x64
		{072142C4-284E-4F1A-A1FE-F886E8ECF728}.CD_ROM|x64.Build.0 = Release|x64
		{072142C4-284E-4F1A-A1FE-F886E8ECF728}.CD_ROM|x86.ActiveCfg = Release|x86
		{072142C4-284E-4F1A-A1FE-F886E8ECF728}.CD_ROM|x86.Build.0 = Release|x86
		{072142C4-284E-4F1A-A1FE-F886E8ECF728}.Debug|Any CPU.ActiveCfg = Debug|Any CPU
		{072142C4-284E-4F1A-A1FE-F886E8ECF728}.Debug|Any CPU.Build.0 = Debug|Any CPU
		{072142C4-284E-4F1A-A1FE-F886E8ECF728}.Debug|x64.ActiveCfg = Debug|x64
		{072142C4-284E-4F1A-A1FE-F886E8ECF728}.Debug|x64.Build.0 = Debug|x64
		{072142C4-284E-4F1A-A1FE-F886E8ECF728}.Debug|x86.ActiveCfg = Debug|x86
		{072142C4-284E-4F1A-A1FE-F886E8ECF728}.Debug|x86.Build.0 = Debug|x86
		{072142C4-284E-4F1A-A1FE-F886E8ECF728}.DVD-5|Any CPU.ActiveCfg = Debug|Any CPU
		{072142C4-284E-4F1A-A1FE-F886E8ECF728}.DVD-5|Any CPU.Build.0 = Debug|Any CPU
		{072142C4-284E-4F1A-A1FE-F886E8ECF728}.DVD-5|x64.ActiveCfg = Debug|x64
		{072142C4-284E-4F1A-A1FE-F886E8ECF728}.DVD-5|x64.Build.0 = Debug|x64
		{072142C4-284E-4F1A-A1FE-F886E8ECF728}.DVD-5|x86.ActiveCfg = Debug|x86
		{072142C4-284E-4F1A-A1FE-F886E8ECF728}.DVD-5|x86.Build.0 = Debug|x86
		{072142C4-284E-4F1A-A1FE-F886E8ECF728}.Release|Any CPU.ActiveCfg = Release|Any CPU
		{072142C4-284E-4F1A-A1FE-F886E8ECF728}.Release|Any CPU.Build.0 = Release|Any CPU
		{072142C4-284E-4F1A-A1FE-F886E8ECF728}.Release|x64.ActiveCfg = Release|x64
		{072142C4-284E-4F1A-A1FE-F886E8ECF728}.Release|x64.Build.0 = Release|x64
		{072142C4-284E-4F1A-A1FE-F886E8ECF728}.Release|x86.ActiveCfg = Release|x86
		{072142C4-284E-4F1A-A1FE-F886E8ECF728}.Release|x86.Build.0 = Release|x86
		{072142C4-284E-4F1A-A1FE-F886E8ECF728}.SingleImage|Any CPU.ActiveCfg = Release|Any CPU
		{072142C4-284E-4F1A-A1FE-F886E8ECF728}.SingleImage|Any CPU.Build.0 = Release|Any CPU
		{072142C4-284E-4F1A-A1FE-F886E8ECF728}.SingleImage|x64.ActiveCfg = Release|x64
		{072142C4-284E-4F1A-A1FE-F886E8ECF728}.SingleImage|x64.Build.0 = Release|x64
		{072142C4-284E-4F1A-A1FE-F886E8ECF728}.SingleImage|x86.ActiveCfg = Release|x86
		{072142C4-284E-4F1A-A1FE-F886E8ECF728}.SingleImage|x86.Build.0 = Release|x86
		{93706064-EF4A-4F46-ABB8-D93E4C0D2732}.CD_ROM|Any CPU.ActiveCfg = Release|Any CPU
		{93706064-EF4A-4F46-ABB8-D93E4C0D2732}.CD_ROM|Any CPU.Build.0 = Release|Any CPU
		{93706064-EF4A-4F46-ABB8-D93E4C0D2732}.CD_ROM|x64.ActiveCfg = Debug|Any CPU
		{93706064-EF4A-4F46-ABB8-D93E4C0D2732}.CD_ROM|x86.ActiveCfg = Debug|Any CPU
		{93706064-EF4A-4F46-ABB8-D93E4C0D2732}.Debug|Any CPU.ActiveCfg = Debug|Any CPU
		{93706064-EF4A-4F46-ABB8-D93E4C0D2732}.Debug|Any CPU.Build.0 = Debug|Any CPU
		{93706064-EF4A-4F46-ABB8-D93E4C0D2732}.Debug|x64.ActiveCfg = Debug|Any CPU
		{93706064-EF4A-4F46-ABB8-D93E4C0D2732}.Debug|x86.ActiveCfg = Debug|Any CPU
		{93706064-EF4A-4F46-ABB8-D93E4C0D2732}.DVD-5|Any CPU.ActiveCfg = Debug|Any CPU
		{93706064-EF4A-4F46-ABB8-D93E4C0D2732}.DVD-5|Any CPU.Build.0 = Debug|Any CPU
		{93706064-EF4A-4F46-ABB8-D93E4C0D2732}.DVD-5|x64.ActiveCfg = Debug|Any CPU
		{93706064-EF4A-4F46-ABB8-D93E4C0D2732}.DVD-5|x86.ActiveCfg = Debug|Any CPU
		{93706064-EF4A-4F46-ABB8-D93E4C0D2732}.Release|Any CPU.ActiveCfg = Release|Any CPU
		{93706064-EF4A-4F46-ABB8-D93E4C0D2732}.Release|Any CPU.Build.0 = Release|Any CPU
		{93706064-EF4A-4F46-ABB8-D93E4C0D2732}.Release|x64.ActiveCfg = Release|Any CPU
		{93706064-EF4A-4F46-ABB8-D93E4C0D2732}.Release|x86.ActiveCfg = Release|Any CPU
		{93706064-EF4A-4F46-ABB8-D93E4C0D2732}.SingleImage|Any CPU.ActiveCfg = Release|Any CPU
		{93706064-EF4A-4F46-ABB8-D93E4C0D2732}.SingleImage|Any CPU.Build.0 = Release|Any CPU
		{93706064-EF4A-4F46-ABB8-D93E4C0D2732}.SingleImage|x64.ActiveCfg = Debug|Any CPU
		{93706064-EF4A-4F46-ABB8-D93E4C0D2732}.SingleImage|x86.ActiveCfg = Debug|Any CPU
		{B51BF379-1EF4-4F1C-A5E8-3123E34298DD}.CD_ROM|Any CPU.ActiveCfg = Release|Any CPU
		{B51BF379-1EF4-4F1C-A5E8-3123E34298DD}.CD_ROM|Any CPU.Build.0 = Release|Any CPU
		{B51BF379-1EF4-4F1C-A5E8-3123E34298DD}.CD_ROM|x64.ActiveCfg = Release|x64
		{B51BF379-1EF4-4F1C-A5E8-3123E34298DD}.CD_ROM|x64.Build.0 = Release|x64
		{B51BF379-1EF4-4F1C-A5E8-3123E34298DD}.CD_ROM|x86.ActiveCfg = Release|x86
		{B51BF379-1EF4-4F1C-A5E8-3123E34298DD}.CD_ROM|x86.Build.0 = Release|x86
		{B51BF379-1EF4-4F1C-A5E8-3123E34298DD}.Debug|Any CPU.ActiveCfg = Debug|Any CPU
		{B51BF379-1EF4-4F1C-A5E8-3123E34298DD}.Debug|Any CPU.Build.0 = Debug|Any CPU
		{B51BF379-1EF4-4F1C-A5E8-3123E34298DD}.Debug|x64.ActiveCfg = Debug|x64
		{B51BF379-1EF4-4F1C-A5E8-3123E34298DD}.Debug|x64.Build.0 = Debug|x64
		{B51BF379-1EF4-4F1C-A5E8-3123E34298DD}.Debug|x86.ActiveCfg = Debug|x86
		{B51BF379-1EF4-4F1C-A5E8-3123E34298DD}.Debug|x86.Build.0 = Debug|x86
		{B51BF379-1EF4-4F1C-A5E8-3123E34298DD}.DVD-5|Any CPU.ActiveCfg = Debug|Any CPU
		{B51BF379-1EF4-4F1C-A5E8-3123E34298DD}.DVD-5|Any CPU.Build.0 = Debug|Any CPU
		{B51BF379-1EF4-4F1C-A5E8-3123E34298DD}.DVD-5|x64.ActiveCfg = Debug|x64
		{B51BF379-1EF4-4F1C-A5E8-3123E34298DD}.DVD-5|x64.Build.0 = Debug|x64
		{B51BF379-1EF4-4F1C-A5E8-3123E34298DD}.DVD-5|x86.ActiveCfg = Debug|x86
		{B51BF379-1EF4-4F1C-A5E8-3123E34298DD}.DVD-5|x86.Build.0 = Debug|x86
		{B51BF379-1EF4-4F1C-A5E8-3123E34298DD}.Release|Any CPU.ActiveCfg = Release|Any CPU
		{B51BF379-1EF4-4F1C-A5E8-3123E34298DD}.Release|Any CPU.Build.0 = Release|Any CPU
		{B51BF379-1EF4-4F1C-A5E8-3123E34298DD}.Release|x64.ActiveCfg = Release|x64
		{B51BF379-1EF4-4F1C-A5E8-3123E34298DD}.Release|x64.Build.0 = Release|x64
		{B51BF379-1EF4-4F1C-A5E8-3123E34298DD}.Release|x86.ActiveCfg = Release|x86
		{B51BF379-1EF4-4F1C-A5E8-3123E34298DD}.Release|x86.Build.0 = Release|x86
		{B51BF379-1EF4-4F1C-A5E8-3123E34298DD}.SingleImage|Any CPU.ActiveCfg = Release|Any CPU
		{B51BF379-1EF4-4F1C-A5E8-3123E34298DD}.SingleImage|Any CPU.Build.0 = Release|Any CPU
		{B51BF379-1EF4-4F1C-A5E8-3123E34298DD}.SingleImage|x64.ActiveCfg = Release|x64
		{B51BF379-1EF4-4F1C-A5E8-3123E34298DD}.SingleImage|x64.Build.0 = Release|x64
		{B51BF379-1EF4-4F1C-A5E8-3123E34298DD}.SingleImage|x86.ActiveCfg = Release|x86
		{B51BF379-1EF4-4F1C-A5E8-3123E34298DD}.SingleImage|x86.Build.0 = Release|x86
		{68E68CFB-7A0B-4527-B44E-61A6870B9376}.CD_ROM|Any CPU.ActiveCfg = Release|Any CPU
		{68E68CFB-7A0B-4527-B44E-61A6870B9376}.CD_ROM|Any CPU.Build.0 = Release|Any CPU
		{68E68CFB-7A0B-4527-B44E-61A6870B9376}.CD_ROM|x64.ActiveCfg = Release|Any CPU
		{68E68CFB-7A0B-4527-B44E-61A6870B9376}.CD_ROM|x86.ActiveCfg = Release|Any CPU
		{68E68CFB-7A0B-4527-B44E-61A6870B9376}.Debug|Any CPU.ActiveCfg = Debug|Any CPU
		{68E68CFB-7A0B-4527-B44E-61A6870B9376}.Debug|Any CPU.Build.0 = Debug|Any CPU
		{68E68CFB-7A0B-4527-B44E-61A6870B9376}.Debug|x64.ActiveCfg = Debug|Any CPU
		{68E68CFB-7A0B-4527-B44E-61A6870B9376}.Debug|x86.ActiveCfg = Debug|Any CPU
		{68E68CFB-7A0B-4527-B44E-61A6870B9376}.DVD-5|Any CPU.ActiveCfg = Debug|Any CPU
		{68E68CFB-7A0B-4527-B44E-61A6870B9376}.DVD-5|Any CPU.Build.0 = Debug|Any CPU
		{68E68CFB-7A0B-4527-B44E-61A6870B9376}.DVD-5|x64.ActiveCfg = Debug|Any CPU
		{68E68CFB-7A0B-4527-B44E-61A6870B9376}.DVD-5|x86.ActiveCfg = Debug|Any CPU
		{68E68CFB-7A0B-4527-B44E-61A6870B9376}.Release|Any CPU.ActiveCfg = Release|Any CPU
		{68E68CFB-7A0B-4527-B44E-61A6870B9376}.Release|Any CPU.Build.0 = Release|Any CPU
		{68E68CFB-7A0B-4527-B44E-61A6870B9376}.Release|x64.ActiveCfg = Release|Any CPU
		{68E68CFB-7A0B-4527-B44E-61A6870B9376}.Release|x86.ActiveCfg = Release|Any CPU
		{68E68CFB-7A0B-4527-B44E-61A6870B9376}.SingleImage|Any CPU.ActiveCfg = Release|Any CPU
		{68E68CFB-7A0B-4527-B44E-61A6870B9376}.SingleImage|Any CPU.Build.0 = Release|Any CPU
		{68E68CFB-7A0B-4527-B44E-61A6870B9376}.SingleImage|x64.ActiveCfg = Release|Any CPU
		{68E68CFB-7A0B-4527-B44E-61A6870B9376}.SingleImage|x86.ActiveCfg = Release|Any CPU
		{08C7537E-7831-42D9-97C4-0256A3F477DD}.CD_ROM|Any CPU.ActiveCfg = Release|Any CPU
		{08C7537E-7831-42D9-97C4-0256A3F477DD}.CD_ROM|Any CPU.Build.0 = Release|Any CPU
		{08C7537E-7831-42D9-97C4-0256A3F477DD}.CD_ROM|x64.ActiveCfg = Release|Any CPU
		{08C7537E-7831-42D9-97C4-0256A3F477DD}.CD_ROM|x86.ActiveCfg = Release|Any CPU
		{08C7537E-7831-42D9-97C4-0256A3F477DD}.Debug|Any CPU.ActiveCfg = Debug|Any CPU
		{08C7537E-7831-42D9-97C4-0256A3F477DD}.Debug|Any CPU.Build.0 = Debug|Any CPU
		{08C7537E-7831-42D9-97C4-0256A3F477DD}.Debug|x64.ActiveCfg = Debug|Any CPU
		{08C7537E-7831-42D9-97C4-0256A3F477DD}.Debug|x86.ActiveCfg = Debug|Any CPU
		{08C7537E-7831-42D9-97C4-0256A3F477DD}.DVD-5|Any CPU.ActiveCfg = Debug|Any CPU
		{08C7537E-7831-42D9-97C4-0256A3F477DD}.DVD-5|Any CPU.Build.0 = Debug|Any CPU
		{08C7537E-7831-42D9-97C4-0256A3F477DD}.DVD-5|x64.ActiveCfg = Debug|Any CPU
		{08C7537E-7831-42D9-97C4-0256A3F477DD}.DVD-5|x86.ActiveCfg = Debug|Any CPU
		{08C7537E-7831-42D9-97C4-0256A3F477DD}.Release|Any CPU.ActiveCfg = Release|Any CPU
		{08C7537E-7831-42D9-97C4-0256A3F477DD}.Release|Any CPU.Build.0 = Release|Any CPU
		{08C7537E-7831-42D9-97C4-0256A3F477DD}.Release|x64.ActiveCfg = Release|Any CPU
		{08C7537E-7831-42D9-97C4-0256A3F477DD}.Release|x86.ActiveCfg = Release|Any CPU
		{08C7537E-7831-42D9-97C4-0256A3F477DD}.SingleImage|Any CPU.ActiveCfg = Release|Any CPU
		{08C7537E-7831-42D9-97C4-0256A3F477DD}.SingleImage|Any CPU.Build.0 = Release|Any CPU
		{08C7537E-7831-42D9-97C4-0256A3F477DD}.SingleImage|x64.ActiveCfg = Release|Any CPU
		{08C7537E-7831-42D9-97C4-0256A3F477DD}.SingleImage|x86.ActiveCfg = Release|Any CPU
	EndGlobalSection
	GlobalSection(SolutionProperties) = preSolution
		HideSolutionNode = FALSE
	EndGlobalSection
EndGlobal
